
Microsoft Visual Studio Solution File, Format Version 12.00
# Visual Studio 15
VisualStudioVersion = 15.0.27703.2047
MinimumVisualStudioVersion = 10.0.40219.1
Project("{FAE04EC0-301F-11D3-BF4B-00C04F79EFBC}") = "AzureStackTest", "AzureStackTest\AzureStackTest.csproj", "{6424948F-33D3-4EF7-8EBD-1EF116A2ADED}"
EndProject
Global
	GlobalSection(SolutionConfigurationPlatforms) = preSolution
		Debug|Any CPU = Debug|Any CPU
		Release|Any CPU = Release|Any CPU
	EndGlobalSection
	GlobalSection(ProjectConfigurationPlatforms) = postSolution
		{6424948F-33D3-4EF7-8EBD-1EF116A2ADED}.Debug|Any CPU.ActiveCfg = Debug|Any CPU
		{6424948F-33D3-4EF7-8EBD-1EF116A2ADED}.Debug|Any CPU.Build.0 = Debug|Any CPU
		{6424948F-33D3-4EF7-8EBD-1EF116A2ADED}.Release|Any CPU.ActiveCfg = Release|Any CPU
		{6424948F-33D3-4EF7-8EBD-1EF116A2ADED}.Release|Any CPU.Build.0 = Release|Any CPU
	EndGlobalSection
	GlobalSection(SolutionProperties) = preSolution
		HideSolutionNode = FALSE
	EndGlobalSection
	GlobalSection(ExtensibilityGlobals) = postSolution
		SolutionGuid = {CEAC01DE-AFD6-4210-A4CE-7F5B591D1EEF}
	EndGlobalSection
EndGlobal
